
Microsoft Visual Studio Solution File, Format Version 12.00
# Visual Studio Version 17
VisualStudioVersion = 17.1.32228.430
MinimumVisualStudioVersion = 10.0.40219.1
Project("{FAE04EC0-301F-11D3-BF4B-00C04F79EFBC}") = "WebApplication3", "WebApplication3\WebApplication3.csproj", "{3A799E3C-C589-4CD2-BEED-C8156CC34D5C}"
EndProject
Global
	GlobalSection(SolutionConfigurationPlatforms) = preSolution
		Debug|Any CPU = Debug|Any CPU
		Release|Any CPU = Release|Any CPU
	EndGlobalSection
	GlobalSection(ProjectConfigurationPlatforms) = postSolution
		{3A799E3C-C589-4CD2-BEED-C8156CC34D5C}.Debug|Any CPU.ActiveCfg = Debug|Any CPU
		{3A799E3C-C589-4CD2-BEED-C8156CC34D5C}.Debug|Any CPU.Build.0 = Debug|Any CPU
		{3A799E3C-C589-4CD2-BEED-C8156CC34D5C}.Release|Any CPU.ActiveCfg = Release|Any CPU
		{3A799E3C-C589-4CD2-BEED-C8156CC34D5C}.Release|Any CPU.Build.0 = Release|Any CPU
	EndGlobalSection
	GlobalSection(SolutionProperties) = preSolution
		HideSolutionNode = FALSE
	EndGlobalSection
	GlobalSection(ExtensibilityGlobals) = postSolution
		SolutionGuid = {C0941C1C-4164-4CDF-BEBB-5A61A63552AF}
	EndGlobalSection
EndGlobal
